
Microsoft Visual Studio Solution File, Format Version 12.00
# Visual Studio 15
VisualStudioVersion = 15.0.27004.2009
MinimumVisualStudioVersion = 10.0.40219.1
Project("{FAE04EC0-301F-11D3-BF4B-00C04F79EFBC}") = "PIano", "PIano\PIano.csproj", "{C88D1E38-A388-4012-AB33-BBED7B4A3841}"
EndProject
Global
	GlobalSection(SolutionConfigurationPlatforms) = preSolution
		Debug|Any CPU = Debug|Any CPU
		Release|Any CPU = Release|Any CPU
	EndGlobalSection
	GlobalSection(ProjectConfigurationPlatforms) = postSolution
		{C88D1E38-A388-4012-AB33-BBED7B4A3841}.Debug|Any CPU.ActiveCfg = Debug|Any CPU
		{C88D1E38-A388-4012-AB33-BBED7B4A3841}.Debug|Any CPU.Build.0 = Debug|Any CPU
		{C88D1E38-A388-4012-AB33-BBED7B4A3841}.Release|Any CPU.ActiveCfg = Release|Any CPU
		{C88D1E38-A388-4012-AB33-BBED7B4A3841}.Release|Any CPU.Build.0 = Release|Any CPU
	EndGlobalSection
	GlobalSection(SolutionProperties) = preSolution
		HideSolutionNode = FALSE
	EndGlobalSection
	GlobalSection(ExtensibilityGlobals) = postSolution
		SolutionGuid = {E733E9E0-CCBB-45DC-B622-991EFE142E1E}
	EndGlobalSection
EndGlobal
